{
	"name": "@tcgdex/server",
	"lockfileVersion": 3,
	"requires": true,
	"packages": {
		"": {
			"name": "@tcgdex/server",
			"license": "MIT",
			"dependencies": {
				"@dzeio/config": "^1",
				"@dzeio/object-util": "^1",
				"@tcgdex/sdk": "^2",
				"apicache": "^1",
				"express": "^4",
				"graphql": "^15",
				"graphql-http": "^1.22.1",
				"ruru": "^2.0.0-beta.14",
				"swagger-ui-express": "^5.0.1",
				"yaml": "^2.5.0"
			},
			"devDependencies": {
				"@types/apicache": "^1",
				"@types/express": "^4",
				"@types/node": "^20",
				"@types/swagger-ui-express": "^4.1.6",
				"glob": "^10",
				"typescript": "^4"
			}
		},
		"node_modules/@dzeio/config": {
			"version": "1.1.12",
			"license": "MIT",
			"dependencies": {
				"package.json": "^2.0.1"
			},
			"peerDependencies": {
				"@dzeio/object-util": ">=1.4.2",
				"@typescript-eslint/parser": ">=5.18.0",
				"next": ">=12.1.0",
				"next-pre-css": ">=1.0.0"
			},
			"peerDependenciesMeta": {
				"@typescript-eslint/parser": {
					"optional": true
				},
				"next": {
					"optional": true
				},
				"next-pre-css": {
					"optional": true
				}
			}
		},
		"node_modules/@dzeio/object-util": {
			"version": "1.8.3",
			"license": "MIT"
		},
		"node_modules/@emotion/is-prop-valid": {
			"version": "1.2.2",
			"license": "MIT",
			"dependencies": {
				"@emotion/memoize": "^0.8.1"
			}
		},
		"node_modules/@emotion/memoize": {
			"version": "0.8.1",
			"license": "MIT"
		},
		"node_modules/@isaacs/cliui": {
			"version": "8.0.2",
			"dev": true,
			"license": "ISC",
			"dependencies": {
				"string-width": "^5.1.2",
				"string-width-cjs": "npm:string-width@^4.2.0",
				"strip-ansi": "^7.0.1",
				"strip-ansi-cjs": "npm:strip-ansi@^6.0.1",
				"wrap-ansi": "^8.1.0",
				"wrap-ansi-cjs": "npm:wrap-ansi@^7.0.0"
			},
			"engines": {
				"node": ">=12"
			}
		},
		"node_modules/@isaacs/cliui/node_modules/string-width": {
			"version": "5.1.2",
			"dev": true,
			"license": "MIT",
			"dependencies": {
				"eastasianwidth": "^0.2.0",
				"emoji-regex": "^9.2.2",
				"strip-ansi": "^7.0.1"
			},
			"engines": {
				"node": ">=12"
			},
			"funding": {
				"url": "https://github.com/sponsors/sindresorhus"
			}
		},
		"node_modules/@isaacs/cliui/node_modules/string-width-cjs": {
			"name": "string-width",
			"version": "4.2.3",
			"dev": true,
			"license": "MIT",
			"dependencies": {
				"emoji-regex": "^8.0.0",
				"is-fullwidth-code-point": "^3.0.0",
				"strip-ansi": "^6.0.1"
			},
			"engines": {
				"node": ">=8"
			}
		},
		"node_modules/@isaacs/cliui/node_modules/string-width-cjs/node_modules/strip-ansi": {
			"version": "6.0.1",
			"dev": true,
			"license": "MIT",
			"dependencies": {
				"ansi-regex": "^5.0.1"
			},
			"engines": {
				"node": ">=8"
			}
		},
		"node_modules/@isaacs/cliui/node_modules/string-width-cjs/node_modules/strip-ansi/node_modules/ansi-regex": {
			"version": "5.0.1",
			"dev": true,
			"license": "MIT",
			"engines": {
				"node": ">=8"
			}
		},
		"node_modules/@isaacs/cliui/node_modules/string-width/node_modules/emoji-regex": {
			"version": "9.2.2",
			"dev": true,
			"license": "MIT"
		},
		"node_modules/@isaacs/cliui/node_modules/strip-ansi-cjs": {
			"name": "strip-ansi",
			"version": "6.0.1",
			"dev": true,
			"license": "MIT",
			"dependencies": {
				"ansi-regex": "^5.0.1"
			},
			"engines": {
				"node": ">=8"
			}
		},
		"node_modules/@isaacs/cliui/node_modules/strip-ansi-cjs/node_modules/ansi-regex": {
			"version": "5.0.1",
			"dev": true,
			"license": "MIT",
			"engines": {
				"node": ">=8"
			}
		},
		"node_modules/@isaacs/cliui/node_modules/wrap-ansi-cjs": {
			"name": "wrap-ansi",
			"version": "7.0.0",
			"dev": true,
			"license": "MIT",
			"dependencies": {
				"ansi-styles": "^4.0.0",
				"string-width": "^4.1.0",
				"strip-ansi": "^6.0.0"
			},
			"engines": {
				"node": ">=10"
			},
			"funding": {
				"url": "https://github.com/chalk/wrap-ansi?sponsor=1"
			}
		},
		"node_modules/@isaacs/cliui/node_modules/wrap-ansi-cjs/node_modules/string-width": {
			"version": "4.2.3",
			"dev": true,
			"license": "MIT",
			"dependencies": {
				"emoji-regex": "^8.0.0",
				"is-fullwidth-code-point": "^3.0.0",
				"strip-ansi": "^6.0.1"
			},
			"engines": {
				"node": ">=8"
			}
		},
		"node_modules/@isaacs/cliui/node_modules/wrap-ansi-cjs/node_modules/strip-ansi": {
			"version": "6.0.1",
			"dev": true,
			"license": "MIT",
			"dependencies": {
				"ansi-regex": "^5.0.1"
			},
			"engines": {
				"node": ">=8"
			}
		},
		"node_modules/@isaacs/cliui/node_modules/wrap-ansi-cjs/node_modules/strip-ansi/node_modules/ansi-regex": {
			"version": "5.0.1",
			"dev": true,
			"license": "MIT",
			"engines": {
				"node": ">=8"
			}
		},
		"node_modules/@pkgjs/parseargs": {
			"version": "0.11.0",
			"dev": true,
			"license": "MIT",
			"optional": true,
			"engines": {
				"node": ">=14"
			}
		},
		"node_modules/@tcgdex/sdk": {
			"version": "2.5.1",
			"license": "MIT",
			"dependencies": {
				"isomorphic-unfetch": "^3",
				"unfetch": "^4"
			},
			"engines": {
				"node": ">=12"
			}
		},
		"node_modules/@types/apicache": {
			"version": "1.6.6",
			"dev": true,
			"license": "MIT",
			"dependencies": {
				"@types/express": "*",
				"@types/redis": "^2.8.0"
			}
		},
		"node_modules/@types/body-parser": {
			"version": "1.19.5",
			"dev": true,
			"license": "MIT",
			"dependencies": {
				"@types/connect": "*",
				"@types/node": "*"
			}
		},
		"node_modules/@types/body-parser/node_modules/@types/node": {
			"version": "20.12.7",
			"dev": true,
			"license": "MIT",
			"dependencies": {
				"undici-types": "~5.26.4"
			}
		},
		"node_modules/@types/connect": {
			"version": "3.4.38",
			"dev": true,
			"license": "MIT",
			"dependencies": {
				"@types/node": "*"
			}
		},
		"node_modules/@types/connect/node_modules/@types/node": {
			"version": "20.12.7",
			"dev": true,
			"license": "MIT",
			"dependencies": {
				"undici-types": "~5.26.4"
			}
		},
		"node_modules/@types/express": {
			"version": "4.17.21",
			"dev": true,
			"license": "MIT",
			"dependencies": {
				"@types/body-parser": "*",
				"@types/express-serve-static-core": "^4.17.33",
				"@types/qs": "*",
				"@types/serve-static": "*"
			}
		},
		"node_modules/@types/express-serve-static-core": {
			"version": "4.19.0",
			"dev": true,
			"license": "MIT",
			"dependencies": {
				"@types/node": "*",
				"@types/qs": "*",
				"@types/range-parser": "*",
				"@types/send": "*"
			}
		},
		"node_modules/@types/express-serve-static-core/node_modules/@types/node": {
			"version": "20.12.7",
			"dev": true,
			"license": "MIT",
			"dependencies": {
				"undici-types": "~5.26.4"
			}
		},
		"node_modules/@types/http-errors": {
			"version": "2.0.4",
			"dev": true,
			"license": "MIT"
		},
		"node_modules/@types/interpret": {
			"version": "1.1.3",
			"license": "MIT",
			"dependencies": {
				"@types/node": "*"
			}
		},
		"node_modules/@types/interpret/node_modules/@types/node": {
			"version": "20.12.7",
			"license": "MIT",
			"dependencies": {
				"undici-types": "~5.26.4"
			}
		},
		"node_modules/@types/mime": {
			"version": "1.3.5",
			"dev": true,
			"license": "MIT"
		},
		"node_modules/@types/node": {
			"version": "20.14.12",
			"license": "MIT",
			"dependencies": {
				"undici-types": "~5.26.4"
			}
		},
		"node_modules/@types/qs": {
			"version": "6.9.15",
			"dev": true,
			"license": "MIT"
		},
		"node_modules/@types/range-parser": {
			"version": "1.2.7",
			"dev": true,
			"license": "MIT"
		},
		"node_modules/@types/redis": {
			"version": "2.8.32",
			"dev": true,
			"license": "MIT",
			"dependencies": {
				"@types/node": "*"
			}
		},
		"node_modules/@types/redis/node_modules/@types/node": {
			"version": "18.11.12",
			"dev": true,
			"license": "MIT"
		},
		"node_modules/@types/semver": {
			"version": "7.5.8",
			"license": "MIT"
		},
		"node_modules/@types/send": {
			"version": "0.17.4",
			"dev": true,
			"license": "MIT",
			"dependencies": {
				"@types/mime": "^1",
				"@types/node": "*"
			}
		},
		"node_modules/@types/send/node_modules/@types/node": {
			"version": "20.12.7",
			"dev": true,
			"license": "MIT",
			"dependencies": {
				"undici-types": "~5.26.4"
			}
		},
		"node_modules/@types/serve-static": {
			"version": "1.15.7",
			"dev": true,
			"license": "MIT",
			"dependencies": {
				"@types/http-errors": "*",
				"@types/node": "*",
				"@types/send": "*"
			}
		},
		"node_modules/@types/serve-static/node_modules/@types/node": {
			"version": "20.12.7",
			"dev": true,
			"license": "MIT",
			"dependencies": {
				"undici-types": "~5.26.4"
			}
		},
		"node_modules/@types/swagger-ui-express": {
			"version": "4.1.6",
			"resolved": "https://registry.npmjs.org/@types/swagger-ui-express/-/swagger-ui-express-4.1.6.tgz",
			"integrity": "sha512-UVSiGYXa5IzdJJG3hrc86e8KdZWLYxyEsVoUI4iPXc7CO4VZ3AfNP8d/8+hrDRIqz+HAaSMtZSqAsF3Nq2X/Dg==",
			"dev": true,
			"dependencies": {
				"@types/express": "*",
				"@types/serve-static": "*"
			}
		},
		"node_modules/abs": {
			"version": "1.3.14",
			"license": "MIT",
			"dependencies": {
				"ul": "^5.0.0"
			}
		},
		"node_modules/accepts": {
			"version": "1.3.8",
			"license": "MIT",
			"dependencies": {
				"mime-types": "~2.1.34",
				"negotiator": "0.6.3"
			},
			"engines": {
				"node": ">= 0.6"
			}
		},
		"node_modules/ansi-regex": {
			"version": "6.0.1",
			"dev": true,
			"license": "MIT",
			"engines": {
				"node": ">=12"
			},
			"funding": {
				"url": "https://github.com/chalk/ansi-regex?sponsor=1"
			}
		},
		"node_modules/ansi-styles": {
			"version": "4.3.0",
			"license": "MIT",
			"dependencies": {
				"color-convert": "^2.0.1"
			},
			"engines": {
				"node": ">=8"
			},
			"funding": {
				"url": "https://github.com/chalk/ansi-styles?sponsor=1"
			}
		},
		"node_modules/apicache": {
			"version": "1.6.3",
			"license": "MIT",
			"engines": {
				"node": ">=8"
			}
		},
		"node_modules/array-flatten": {
			"version": "1.1.1",
			"license": "MIT"
		},
		"node_modules/balanced-match": {
			"version": "1.0.2",
			"dev": true,
			"license": "MIT"
		},
		"node_modules/body-parser": {
			"version": "1.20.2",
			"license": "MIT",
			"dependencies": {
				"bytes": "3.1.2",
				"content-type": "~1.0.5",
				"debug": "2.6.9",
				"depd": "2.0.0",
				"destroy": "1.2.0",
				"http-errors": "2.0.0",
				"iconv-lite": "0.4.24",
				"on-finished": "2.4.1",
				"qs": "6.11.0",
				"raw-body": "2.5.2",
				"type-is": "~1.6.18",
				"unpipe": "1.0.0"
			},
			"engines": {
				"node": ">= 0.8",
				"npm": "1.2.8000 || >= 1.4.16"
			}
		},
		"node_modules/brace-expansion": {
			"version": "2.0.1",
			"dev": true,
			"license": "MIT",
			"dependencies": {
				"balanced-match": "^1.0.0"
			}
		},
		"node_modules/bytes": {
			"version": "3.1.2",
			"license": "MIT",
			"engines": {
				"node": ">= 0.8"
			}
		},
		"node_modules/call-bind": {
			"version": "1.0.2",
			"license": "MIT",
			"dependencies": {
				"function-bind": "^1.1.1",
				"get-intrinsic": "^1.0.2"
			},
			"funding": {
				"url": "https://github.com/sponsors/ljharb"
			}
		},
		"node_modules/capture-stack-trace": {
			"version": "1.0.2",
			"license": "MIT",
			"engines": {
				"node": ">=0.10.0"
			},
			"funding": {
				"url": "https://github.com/sponsors/sindresorhus"
			}
		},
		"node_modules/chalk": {
			"version": "4.1.2",
			"license": "MIT",
			"dependencies": {
				"ansi-styles": "^4.1.0",
				"supports-color": "^7.1.0"
			},
			"engines": {
				"node": ">=10"
			},
			"funding": {
				"url": "https://github.com/chalk/chalk?sponsor=1"
			}
		},
		"node_modules/cliui": {
			"version": "8.0.1",
			"license": "ISC",
			"dependencies": {
				"string-width": "^4.2.0",
				"strip-ansi": "^6.0.1",
				"wrap-ansi": "^7.0.0"
			},
			"engines": {
				"node": ">=12"
			}
		},
		"node_modules/cliui/node_modules/emoji-regex": {
			"version": "8.0.0",
			"license": "MIT"
		},
		"node_modules/cliui/node_modules/string-width": {
			"version": "4.2.3",
			"license": "MIT",
			"dependencies": {
				"emoji-regex": "^8.0.0",
				"is-fullwidth-code-point": "^3.0.0",
				"strip-ansi": "^6.0.1"
			},
			"engines": {
				"node": ">=8"
			}
		},
		"node_modules/cliui/node_modules/strip-ansi": {
			"version": "6.0.1",
			"license": "MIT",
			"dependencies": {
				"ansi-regex": "^5.0.1"
			},
			"engines": {
				"node": ">=8"
			}
		},
		"node_modules/cliui/node_modules/strip-ansi/node_modules/ansi-regex": {
			"version": "5.0.1",
			"license": "MIT",
			"engines": {
				"node": ">=8"
			}
		},
		"node_modules/cliui/node_modules/wrap-ansi": {
			"version": "7.0.0",
			"license": "MIT",
			"dependencies": {
				"ansi-styles": "^4.0.0",
				"string-width": "^4.1.0",
				"strip-ansi": "^6.0.0"
			},
			"engines": {
				"node": ">=10"
			},
			"funding": {
				"url": "https://github.com/chalk/wrap-ansi?sponsor=1"
			}
		},
		"node_modules/color-convert": {
			"version": "2.0.1",
			"license": "MIT",
			"dependencies": {
				"color-name": "~1.1.4"
			},
			"engines": {
				"node": ">=7.0.0"
			}
		},
		"node_modules/color-name": {
			"version": "1.1.4",
			"license": "MIT"
		},
		"node_modules/content-disposition": {
			"version": "0.5.4",
			"license": "MIT",
			"dependencies": {
				"safe-buffer": "5.2.1"
			},
			"engines": {
				"node": ">= 0.6"
			}
		},
		"node_modules/content-type": {
			"version": "1.0.5",
			"license": "MIT",
			"engines": {
				"node": ">= 0.6"
			}
		},
		"node_modules/cookie": {
			"version": "0.6.0",
			"license": "MIT",
			"engines": {
				"node": ">= 0.6"
			}
		},
		"node_modules/cookie-signature": {
			"version": "1.0.6",
			"license": "MIT"
		},
		"node_modules/core-util-is": {
			"version": "1.0.3",
			"license": "MIT"
		},
		"node_modules/create-error-class": {
			"version": "3.0.2",
			"license": "MIT",
			"dependencies": {
				"capture-stack-trace": "^1.0.0"
			},
			"engines": {
				"node": ">=0.10.0"
			}
		},
		"node_modules/cross-spawn": {
			"version": "7.0.3",
			"dev": true,
			"license": "MIT",
			"dependencies": {
				"path-key": "^3.1.0",
				"shebang-command": "^2.0.0",
				"which": "^2.0.1"
			},
			"engines": {
				"node": ">= 8"
			}
		},
		"node_modules/debug": {
			"version": "2.6.9",
			"license": "MIT",
			"dependencies": {
				"ms": "2.0.0"
			}
		},
		"node_modules/deep-extend": {
			"version": "0.6.0",
			"license": "MIT",
			"engines": {
				"node": ">=4.0.0"
			}
		},
		"node_modules/deffy": {
			"version": "2.2.4",
			"license": "MIT",
			"dependencies": {
				"typpy": "^2.0.0"
			}
		},
		"node_modules/depd": {
			"version": "2.0.0",
			"license": "MIT",
			"engines": {
				"node": ">= 0.8"
			}
		},
		"node_modules/destroy": {
			"version": "1.2.0",
			"license": "MIT",
			"engines": {
				"node": ">= 0.8",
				"npm": "1.2.8000 || >= 1.4.16"
			}
		},
		"node_modules/duplexer2": {
			"version": "0.1.4",
			"license": "BSD-3-Clause",
			"dependencies": {
				"readable-stream": "^2.0.2"
			}
		},
		"node_modules/eastasianwidth": {
			"version": "0.2.0",
			"dev": true,
			"license": "MIT"
		},
		"node_modules/ee-first": {
			"version": "1.1.1",
			"license": "MIT"
		},
		"node_modules/emoji-regex": {
			"version": "8.0.0",
			"dev": true,
			"license": "MIT"
		},
		"node_modules/encodeurl": {
			"version": "1.0.2",
			"license": "MIT",
			"engines": {
				"node": ">= 0.8"
			}
		},
		"node_modules/err": {
			"version": "1.1.1",
			"license": "MIT",
			"dependencies": {
				"typpy": "^2.2.0"
			}
		},
		"node_modules/error-ex": {
			"version": "1.3.2",
			"license": "MIT",
			"dependencies": {
				"is-arrayish": "^0.2.1"
			}
		},
		"node_modules/escalade": {
			"version": "3.1.2",
			"license": "MIT",
			"engines": {
				"node": ">=6"
			}
		},
		"node_modules/escape-html": {
			"version": "1.0.3",
			"license": "MIT"
		},
		"node_modules/etag": {
			"version": "1.8.1",
			"license": "MIT",
			"engines": {
				"node": ">= 0.6"
			}
		},
		"node_modules/eventemitter3": {
			"version": "4.0.7",
			"license": "MIT"
		},
		"node_modules/exec-limiter": {
			"version": "3.2.13",
			"license": "MIT",
			"dependencies": {
				"limit-it": "^3.0.0",
				"typpy": "^2.1.0"
			}
		},
		"node_modules/express": {
			"version": "4.19.2",
			"license": "MIT",
			"dependencies": {
				"accepts": "~1.3.8",
				"array-flatten": "1.1.1",
				"body-parser": "1.20.2",
				"content-disposition": "0.5.4",
				"content-type": "~1.0.4",
				"cookie": "0.6.0",
				"cookie-signature": "1.0.6",
				"debug": "2.6.9",
				"depd": "2.0.0",
				"encodeurl": "~1.0.2",
				"escape-html": "~1.0.3",
				"etag": "~1.8.1",
				"finalhandler": "1.2.0",
				"fresh": "0.5.2",
				"http-errors": "2.0.0",
				"merge-descriptors": "1.0.1",
				"methods": "~1.1.2",
				"on-finished": "2.4.1",
				"parseurl": "~1.3.3",
				"path-to-regexp": "0.1.7",
				"proxy-addr": "~2.0.7",
				"qs": "6.11.0",
				"range-parser": "~1.2.1",
				"safe-buffer": "5.2.1",
				"send": "0.18.0",
				"serve-static": "1.15.0",
				"setprototypeof": "1.2.0",
				"statuses": "2.0.1",
				"type-is": "~1.6.18",
				"utils-merge": "1.0.1",
				"vary": "~1.1.2"
			},
			"engines": {
				"node": ">= 0.10.0"
			}
		},
		"node_modules/finalhandler": {
			"version": "1.2.0",
			"license": "MIT",
			"dependencies": {
				"debug": "2.6.9",
				"encodeurl": "~1.0.2",
				"escape-html": "~1.0.3",
				"on-finished": "2.4.1",
				"parseurl": "~1.3.3",
				"statuses": "2.0.1",
				"unpipe": "~1.0.0"
			},
			"engines": {
				"node": ">= 0.8"
			}
		},
		"node_modules/follow-redirects": {
			"version": "1.15.6",
			"funding": [
				{
					"type": "individual",
					"url": "https://github.com/sponsors/RubenVerborgh"
				}
			],
			"license": "MIT",
			"engines": {
				"node": ">=4.0"
			},
			"peerDependenciesMeta": {
				"debug": {
					"optional": true
				}
			}
		},
		"node_modules/foreground-child": {
			"version": "3.1.1",
			"dev": true,
			"license": "ISC",
			"dependencies": {
				"cross-spawn": "^7.0.0",
				"signal-exit": "^4.0.1"
			},
			"engines": {
				"node": ">=14"
			},
			"funding": {
				"url": "https://github.com/sponsors/isaacs"
			}
		},
		"node_modules/forwarded": {
			"version": "0.2.0",
			"license": "MIT",
			"engines": {
				"node": ">= 0.6"
			}
		},
		"node_modules/fresh": {
			"version": "0.5.2",
			"license": "MIT",
			"engines": {
				"node": ">= 0.6"
			}
		},
		"node_modules/function-bind": {
			"version": "1.1.1",
			"license": "MIT"
		},
		"node_modules/function.name": {
			"version": "1.0.13",
			"license": "MIT",
			"dependencies": {
				"noop6": "^1.0.1"
			}
		},
		"node_modules/get-caller-file": {
			"version": "2.0.5",
			"license": "ISC",
			"engines": {
				"node": "6.* || 8.* || >= 10.*"
			}
		},
		"node_modules/get-intrinsic": {
			"version": "1.1.3",
			"license": "MIT",
			"dependencies": {
				"function-bind": "^1.1.1",
				"has": "^1.0.3",
				"has-symbols": "^1.0.3"
			},
			"funding": {
				"url": "https://github.com/sponsors/ljharb"
			}
		},
		"node_modules/git-package-json": {
			"version": "1.4.10",
			"license": "MIT",
			"dependencies": {
				"deffy": "^2.2.1",
				"err": "^1.1.1",
				"gry": "^5.0.0",
				"normalize-package-data": "^2.3.5",
				"oargv": "^3.4.1",
				"one-by-one": "^3.1.0",
				"r-json": "^1.2.1",
				"r-package-json": "^1.0.0",
				"tmp": "0.0.28"
			}
		},
		"node_modules/git-source": {
			"version": "1.1.10",
			"license": "MIT",
			"dependencies": {
				"git-url-parse": "^5.0.1"
			}
		},
		"node_modules/git-up": {
			"version": "1.2.1",
			"license": "MIT",
			"dependencies": {
				"is-ssh": "^1.0.0",
				"parse-url": "^1.0.0"
			}
		},
		"node_modules/git-url-parse": {
			"version": "5.0.1",
			"license": "MIT",
			"dependencies": {
				"git-up": "^1.0.0"
			}
		},
		"node_modules/glob": {
			"version": "10.4.5",
			"dev": true,
			"license": "ISC",
			"dependencies": {
				"foreground-child": "^3.1.0",
				"jackspeak": "^3.1.2",
				"minimatch": "^9.0.4",
				"minipass": "^7.1.2",
				"package-json-from-dist": "^1.0.0",
				"path-scurry": "^1.11.1"
			},
			"bin": {
				"glob": "dist/esm/bin.mjs"
			},
			"funding": {
				"url": "https://github.com/sponsors/isaacs"
			}
		},
		"node_modules/got": {
			"version": "5.6.0",
			"license": "MIT",
			"dependencies": {
				"create-error-class": "^3.0.1",
				"duplexer2": "^0.1.4",
				"is-plain-obj": "^1.0.0",
				"is-redirect": "^1.0.0",
				"is-retry-allowed": "^1.0.0",
				"is-stream": "^1.0.0",
				"lowercase-keys": "^1.0.0",
				"node-status-codes": "^1.0.0",
				"object-assign": "^4.0.1",
				"parse-json": "^2.1.0",
				"pinkie-promise": "^2.0.0",
				"read-all-stream": "^3.0.0",
				"readable-stream": "^2.0.5",
				"timed-out": "^2.0.0",
				"unzip-response": "^1.0.0",
				"url-parse-lax": "^1.0.0"
			},
			"engines": {
				"node": ">=0.10.0"
			}
		},
		"node_modules/graphile-config": {
			"version": "0.0.1-beta.9",
			"license": "MIT",
			"dependencies": {
				"@types/interpret": "^1.1.1",
				"@types/node": "^20.5.7",
				"@types/semver": "^7.5.1",
				"chalk": "^4.1.2",
				"debug": "^4.3.4",
				"interpret": "^3.1.1",
				"semver": "^7.5.4",
				"tslib": "^2.6.2",
				"yargs": "^17.7.2"
			},
			"engines": {
				"node": ">=16"
			}
		},
		"node_modules/graphile-config/node_modules/debug": {
			"version": "4.3.4",
			"license": "MIT",
			"dependencies": {
				"ms": "2.1.2"
			},
			"engines": {
				"node": ">=6.0"
			},
			"peerDependenciesMeta": {
				"supports-color": {
					"optional": true
				}
			}
		},
		"node_modules/graphile-config/node_modules/debug/node_modules/ms": {
			"version": "2.1.2",
			"license": "MIT"
		},
		"node_modules/graphql": {
			"version": "15.9.0",
			"license": "MIT",
			"engines": {
				"node": ">= 10.x"
			}
		},
		"node_modules/graphql-http": {
			"version": "1.22.1",
			"license": "MIT",
			"workspaces": [
				"implementations/**/*"
			],
			"engines": {
				"node": ">=12"
			},
			"peerDependencies": {
				"graphql": ">=0.11 <=16"
			}
		},
		"node_modules/gry": {
			"version": "5.0.8",
			"license": "MIT",
			"dependencies": {
				"abs": "^1.2.1",
				"exec-limiter": "^3.0.0",
				"one-by-one": "^3.0.0",
				"ul": "^5.0.0"
			}
		},
		"node_modules/has": {
			"version": "1.0.3",
			"license": "MIT",
			"dependencies": {
				"function-bind": "^1.1.1"
			},
			"engines": {
				"node": ">= 0.4.0"
			}
		},
		"node_modules/has-flag": {
			"version": "4.0.0",
			"license": "MIT",
			"engines": {
				"node": ">=8"
			}
		},
		"node_modules/has-symbols": {
			"version": "1.0.3",
			"license": "MIT",
			"engines": {
				"node": ">= 0.4"
			},
			"funding": {
				"url": "https://github.com/sponsors/ljharb"
			}
		},
		"node_modules/hosted-git-info": {
			"version": "2.8.9",
			"license": "ISC"
		},
		"node_modules/http-errors": {
			"version": "2.0.0",
			"license": "MIT",
			"dependencies": {
				"depd": "2.0.0",
				"inherits": "2.0.4",
				"setprototypeof": "1.2.0",
				"statuses": "2.0.1",
				"toidentifier": "1.0.1"
			},
			"engines": {
				"node": ">= 0.8"
			}
		},
		"node_modules/http-proxy": {
			"version": "1.18.1",
			"license": "MIT",
			"dependencies": {
				"eventemitter3": "^4.0.0",
				"follow-redirects": "^1.0.0",
				"requires-port": "^1.0.0"
			},
			"engines": {
				"node": ">=8.0.0"
			}
		},
		"node_modules/iconv-lite": {
			"version": "0.4.24",
			"license": "MIT",
			"dependencies": {
				"safer-buffer": ">= 2.1.2 < 3"
			},
			"engines": {
				"node": ">=0.10.0"
			}
		},
		"node_modules/inherits": {
			"version": "2.0.4",
			"license": "ISC"
		},
		"node_modules/ini": {
			"version": "1.3.8",
			"license": "ISC"
		},
		"node_modules/interpret": {
			"version": "3.1.1",
			"license": "MIT",
			"engines": {
				"node": ">=10.13.0"
			}
		},
		"node_modules/ipaddr.js": {
			"version": "1.9.1",
			"license": "MIT",
			"engines": {
				"node": ">= 0.10"
			}
		},
		"node_modules/is-arrayish": {
			"version": "0.2.1",
			"license": "MIT"
		},
		"node_modules/is-core-module": {
			"version": "2.11.0",
			"license": "MIT",
			"dependencies": {
				"has": "^1.0.3"
			},
			"funding": {
				"url": "https://github.com/sponsors/ljharb"
			}
		},
		"node_modules/is-fullwidth-code-point": {
			"version": "3.0.0",
			"license": "MIT",
			"engines": {
				"node": ">=8"
			}
		},
		"node_modules/is-plain-obj": {
			"version": "1.1.0",
			"license": "MIT",
			"engines": {
				"node": ">=0.10.0"
			}
		},
		"node_modules/is-redirect": {
			"version": "1.0.0",
			"license": "MIT",
			"engines": {
				"node": ">=0.10.0"
			}
		},
		"node_modules/is-retry-allowed": {
			"version": "1.2.0",
			"license": "MIT",
			"engines": {
				"node": ">=0.10.0"
			}
		},
		"node_modules/is-ssh": {
			"version": "1.4.0",
			"license": "MIT",
			"dependencies": {
				"protocols": "^2.0.1"
			}
		},
		"node_modules/is-stream": {
			"version": "1.1.0",
			"license": "MIT",
			"engines": {
				"node": ">=0.10.0"
			}
		},
		"node_modules/isarray": {
			"version": "1.0.0",
			"license": "MIT"
		},
		"node_modules/isexe": {
			"version": "2.0.0",
			"dev": true,
			"license": "ISC"
		},
		"node_modules/isomorphic-unfetch": {
			"version": "3.1.0",
			"license": "MIT",
			"dependencies": {
				"node-fetch": "^2.6.1",
				"unfetch": "^4.2.0"
			}
		},
		"node_modules/iterate-object": {
			"version": "1.3.4",
			"license": "MIT"
		},
		"node_modules/jackspeak": {
			"version": "3.4.3",
			"dev": true,
			"license": "BlueOak-1.0.0",
			"dependencies": {
				"@isaacs/cliui": "^8.0.2"
			},
			"funding": {
				"url": "https://github.com/sponsors/isaacs"
			},
			"optionalDependencies": {
				"@pkgjs/parseargs": "^0.11.0"
			}
		},
		"node_modules/limit-it": {
			"version": "3.2.10",
			"license": "MIT",
			"dependencies": {
				"typpy": "^2.0.0"
			}
		},
		"node_modules/lowercase-keys": {
			"version": "1.0.1",
			"license": "MIT",
			"engines": {
				"node": ">=0.10.0"
			}
		},
		"node_modules/lru-cache": {
			"version": "10.2.2",
			"dev": true,
			"license": "ISC",
			"engines": {
				"node": "14 || >=16.14"
			}
		},
		"node_modules/media-typer": {
			"version": "0.3.0",
			"license": "MIT",
			"engines": {
				"node": ">= 0.6"
			}
		},
		"node_modules/merge-descriptors": {
			"version": "1.0.1",
			"license": "MIT"
		},
		"node_modules/methods": {
			"version": "1.1.2",
			"license": "MIT",
			"engines": {
				"node": ">= 0.6"
			}
		},
		"node_modules/mime": {
			"version": "1.6.0",
			"license": "MIT",
			"bin": {
				"mime": "cli.js"
			},
			"engines": {
				"node": ">=4"
			}
		},
		"node_modules/mime-db": {
			"version": "1.52.0",
			"license": "MIT",
			"engines": {
				"node": ">= 0.6"
			}
		},
		"node_modules/mime-types": {
			"version": "2.1.35",
			"license": "MIT",
			"dependencies": {
				"mime-db": "1.52.0"
			},
			"engines": {
				"node": ">= 0.6"
			}
		},
		"node_modules/minimatch": {
			"version": "9.0.4",
			"dev": true,
			"license": "ISC",
			"dependencies": {
				"brace-expansion": "^2.0.1"
			},
			"engines": {
				"node": ">=16 || 14 >=14.17"
			},
			"funding": {
				"url": "https://github.com/sponsors/isaacs"
			}
		},
		"node_modules/minimist": {
			"version": "1.2.7",
			"license": "MIT",
			"funding": {
				"url": "https://github.com/sponsors/ljharb"
			}
		},
		"node_modules/minipass": {
			"version": "7.1.2",
			"dev": true,
			"license": "ISC",
			"engines": {
				"node": ">=16 || 14 >=14.17"
			}
		},
		"node_modules/ms": {
			"version": "2.0.0",
			"license": "MIT"
		},
		"node_modules/negotiator": {
			"version": "0.6.3",
			"license": "MIT",
			"engines": {
				"node": ">= 0.6"
			}
		},
		"node_modules/node-fetch": {
			"version": "2.6.7",
			"license": "MIT",
			"dependencies": {
				"whatwg-url": "^5.0.0"
			},
			"engines": {
				"node": "4.x || >=6.0.0"
			},
			"peerDependencies": {
				"encoding": "^0.1.0"
			},
			"peerDependenciesMeta": {
				"encoding": {
					"optional": true
				}
			}
		},
		"node_modules/node-status-codes": {
			"version": "1.0.0",
			"license": "MIT",
			"engines": {
				"node": ">=0.10.0"
			}
		},
		"node_modules/noop6": {
			"version": "1.0.9",
			"license": "MIT"
		},
		"node_modules/normalize-package-data": {
			"version": "2.5.0",
			"license": "BSD-2-Clause",
			"dependencies": {
				"hosted-git-info": "^2.1.4",
				"resolve": "^1.10.0",
				"semver": "2 || 3 || 4 || 5",
				"validate-npm-package-license": "^3.0.1"
			}
		},
		"node_modules/normalize-package-data/node_modules/semver": {
			"version": "5.7.1",
			"license": "ISC",
			"bin": {
				"semver": "bin/semver"
			}
		},
		"node_modules/oargv": {
			"version": "3.4.10",
			"license": "MIT",
			"dependencies": {
				"iterate-object": "^1.1.0",
				"ul": "^5.0.0"
			}
		},
		"node_modules/obj-def": {
			"version": "1.0.9",
			"license": "MIT",
			"dependencies": {
				"deffy": "^2.2.2"
			}
		},
		"node_modules/object-assign": {
			"version": "4.1.1",
			"license": "MIT",
			"engines": {
				"node": ">=0.10.0"
			}
		},
		"node_modules/object-inspect": {
			"version": "1.12.2",
			"license": "MIT",
			"funding": {
				"url": "https://github.com/sponsors/ljharb"
			}
		},
		"node_modules/on-finished": {
			"version": "2.4.1",
			"license": "MIT",
			"dependencies": {
				"ee-first": "1.1.1"
			},
			"engines": {
				"node": ">= 0.8"
			}
		},
		"node_modules/one-by-one": {
			"version": "3.2.8",
			"license": "MIT",
			"dependencies": {
				"obj-def": "^1.0.0",
				"sliced": "^1.0.1"
			}
		},
		"node_modules/os-tmpdir": {
			"version": "1.0.2",
			"license": "MIT",
			"engines": {
				"node": ">=0.10.0"
			}
		},
		"node_modules/package-json": {
			"version": "2.4.0",
			"license": "MIT",
			"dependencies": {
				"got": "^5.0.0",
				"registry-auth-token": "^3.0.1",
				"registry-url": "^3.0.3",
				"semver": "^5.1.0"
			},
			"engines": {
				"node": ">=0.10.0"
			}
		},
		"node_modules/package-json-from-dist": {
			"version": "1.0.0",
			"dev": true,
			"license": "BlueOak-1.0.0"
		},
		"node_modules/package-json-path": {
			"version": "1.0.9",
			"license": "MIT",
			"dependencies": {
				"abs": "^1.2.1"
			}
		},
		"node_modules/package-json/node_modules/semver": {
			"version": "5.7.1",
			"license": "ISC",
			"bin": {
				"semver": "bin/semver"
			}
		},
		"node_modules/package.json": {
			"version": "2.0.1",
			"license": "MIT",
			"dependencies": {
				"git-package-json": "^1.4.0",
				"git-source": "^1.1.0",
				"package-json": "^2.3.1"
			}
		},
		"node_modules/parse-json": {
			"version": "2.2.0",
			"license": "MIT",
			"dependencies": {
				"error-ex": "^1.2.0"
			},
			"engines": {
				"node": ">=0.10.0"
			}
		},
		"node_modules/parse-url": {
			"version": "1.3.11",
			"license": "MIT",
			"dependencies": {
				"is-ssh": "^1.3.0",
				"protocols": "^1.4.0"
			}
		},
		"node_modules/parse-url/node_modules/protocols": {
			"version": "1.4.8",
			"license": "MIT"
		},
		"node_modules/parseurl": {
			"version": "1.3.3",
			"license": "MIT",
			"engines": {
				"node": ">= 0.8"
			}
		},
		"node_modules/path-key": {
			"version": "3.1.1",
			"dev": true,
			"license": "MIT",
			"engines": {
				"node": ">=8"
			}
		},
		"node_modules/path-parse": {
			"version": "1.0.7",
			"license": "MIT"
		},
		"node_modules/path-scurry": {
			"version": "1.11.1",
			"dev": true,
			"license": "BlueOak-1.0.0",
			"dependencies": {
				"lru-cache": "^10.2.0",
				"minipass": "^5.0.0 || ^6.0.2 || ^7.0.0"
			},
			"engines": {
				"node": ">=16 || 14 >=14.18"
			},
			"funding": {
				"url": "https://github.com/sponsors/isaacs"
			}
		},
		"node_modules/path-to-regexp": {
			"version": "0.1.7",
			"license": "MIT"
		},
		"node_modules/pinkie": {
			"version": "2.0.4",
			"license": "MIT",
			"engines": {
				"node": ">=0.10.0"
			}
		},
		"node_modules/pinkie-promise": {
			"version": "2.0.1",
			"license": "MIT",
			"dependencies": {
				"pinkie": "^2.0.0"
			},
			"engines": {
				"node": ">=0.10.0"
			}
		},
		"node_modules/prepend-http": {
			"version": "1.0.4",
			"license": "MIT",
			"engines": {
				"node": ">=0.10.0"
			}
		},
		"node_modules/process-nextick-args": {
			"version": "2.0.1",
			"license": "MIT"
		},
		"node_modules/protocols": {
			"version": "2.0.1",
			"license": "MIT"
		},
		"node_modules/proxy-addr": {
			"version": "2.0.7",
			"license": "MIT",
			"dependencies": {
				"forwarded": "0.2.0",
				"ipaddr.js": "1.9.1"
			},
			"engines": {
				"node": ">= 0.10"
			}
		},
		"node_modules/qs": {
			"version": "6.11.0",
			"license": "BSD-3-Clause",
			"dependencies": {
				"side-channel": "^1.0.4"
			},
			"engines": {
				"node": ">=0.6"
			},
			"funding": {
				"url": "https://github.com/sponsors/ljharb"
			}
		},
		"node_modules/r-json": {
			"version": "1.2.10",
			"license": "MIT"
		},
		"node_modules/r-package-json": {
			"version": "1.0.9",
			"license": "MIT",
			"dependencies": {
				"package-json-path": "^1.0.0",
				"r-json": "^1.2.1"
			}
		},
		"node_modules/range-parser": {
			"version": "1.2.1",
			"license": "MIT",
			"engines": {
				"node": ">= 0.6"
			}
		},
		"node_modules/raw-body": {
			"version": "2.5.2",
			"license": "MIT",
			"dependencies": {
				"bytes": "3.1.2",
				"http-errors": "2.0.0",
				"iconv-lite": "0.4.24",
				"unpipe": "1.0.0"
			},
			"engines": {
				"node": ">= 0.8"
			}
		},
		"node_modules/rc": {
			"version": "1.2.8",
			"license": "(BSD-2-Clause OR MIT OR Apache-2.0)",
			"dependencies": {
				"deep-extend": "^0.6.0",
				"ini": "~1.3.0",
				"minimist": "^1.2.0",
				"strip-json-comments": "~2.0.1"
			},
			"bin": {
				"rc": "cli.js"
			}
		},
		"node_modules/read-all-stream": {
			"version": "3.1.0",
			"license": "MIT",
			"dependencies": {
				"pinkie-promise": "^2.0.0",
				"readable-stream": "^2.0.0"
			},
			"engines": {
				"node": ">=0.10.0"
			}
		},
		"node_modules/readable-stream": {
			"version": "2.3.7",
			"license": "MIT",
			"dependencies": {
				"core-util-is": "~1.0.0",
				"inherits": "~2.0.3",
				"isarray": "~1.0.0",
				"process-nextick-args": "~2.0.0",
				"safe-buffer": "~5.1.1",
				"string_decoder": "~1.1.1",
				"util-deprecate": "~1.0.1"
			}
		},
		"node_modules/readable-stream/node_modules/safe-buffer": {
			"version": "5.1.2",
			"license": "MIT"
		},
		"node_modules/registry-auth-token": {
			"version": "3.4.0",
			"license": "MIT",
			"dependencies": {
				"rc": "^1.1.6",
				"safe-buffer": "^5.0.1"
			}
		},
		"node_modules/registry-url": {
			"version": "3.1.0",
			"license": "MIT",
			"dependencies": {
				"rc": "^1.0.1"
			},
			"engines": {
				"node": ">=0.10.0"
			}
		},
		"node_modules/require-directory": {
			"version": "2.1.1",
			"license": "MIT",
			"engines": {
				"node": ">=0.10.0"
			}
		},
		"node_modules/requires-port": {
			"version": "1.0.0",
			"license": "MIT"
		},
		"node_modules/resolve": {
			"version": "1.22.1",
			"license": "MIT",
			"dependencies": {
				"is-core-module": "^2.9.0",
				"path-parse": "^1.0.7",
				"supports-preserve-symlinks-flag": "^1.0.0"
			},
			"bin": {
				"resolve": "bin/resolve"
			},
			"funding": {
				"url": "https://github.com/sponsors/ljharb"
			}
		},
		"node_modules/ruru": {
			"version": "2.0.0-beta.14",
			"license": "MIT",
			"dependencies": {
				"@emotion/is-prop-valid": "^1.2.1",
				"graphile-config": "^0.0.1-beta.9",
				"graphql": "^16.1.0-experimental-stream-defer.6",
				"http-proxy": "^1.18.1",
				"tslib": "^2.6.2",
				"yargs": "^17.7.2"
			},
			"bin": {
				"ruru": "dist/cli-run.js"
			},
			"engines": {
				"node": ">=16"
			},
			"peerDependencies": {
				"graphile-config": "^0.0.1-beta.9",
				"graphql": "^16.1.0-experimental-stream-defer.6"
			}
		},
		"node_modules/ruru/node_modules/graphql": {
			"version": "16.8.1",
			"license": "MIT",
			"engines": {
				"node": "^12.22.0 || ^14.16.0 || ^16.0.0 || >=17.0.0"
			}
		},
		"node_modules/safe-buffer": {
			"version": "5.2.1",
			"funding": [
				{
					"type": "github",
					"url": "https://github.com/sponsors/feross"
				},
				{
					"type": "patreon",
					"url": "https://www.patreon.com/feross"
				},
				{
					"type": "consulting",
					"url": "https://feross.org/support"
				}
			],
			"license": "MIT"
		},
		"node_modules/safer-buffer": {
			"version": "2.1.2",
			"license": "MIT"
		},
		"node_modules/semver": {
			"version": "7.6.0",
			"license": "ISC",
			"dependencies": {
				"lru-cache": "^6.0.0"
			},
			"bin": {
				"semver": "bin/semver.js"
			},
			"engines": {
				"node": ">=10"
			}
		},
		"node_modules/semver/node_modules/lru-cache": {
			"version": "6.0.0",
			"license": "ISC",
			"dependencies": {
				"yallist": "^4.0.0"
			},
			"engines": {
				"node": ">=10"
			}
		},
		"node_modules/send": {
			"version": "0.18.0",
			"license": "MIT",
			"dependencies": {
				"debug": "2.6.9",
				"depd": "2.0.0",
				"destroy": "1.2.0",
				"encodeurl": "~1.0.2",
				"escape-html": "~1.0.3",
				"etag": "~1.8.1",
				"fresh": "0.5.2",
				"http-errors": "2.0.0",
				"mime": "1.6.0",
				"ms": "2.1.3",
				"on-finished": "2.4.1",
				"range-parser": "~1.2.1",
				"statuses": "2.0.1"
			},
			"engines": {
				"node": ">= 0.8.0"
			}
		},
		"node_modules/send/node_modules/ms": {
			"version": "2.1.3",
			"license": "MIT"
		},
		"node_modules/serve-static": {
			"version": "1.15.0",
			"license": "MIT",
			"dependencies": {
				"encodeurl": "~1.0.2",
				"escape-html": "~1.0.3",
				"parseurl": "~1.3.3",
				"send": "0.18.0"
			},
			"engines": {
				"node": ">= 0.8.0"
			}
		},
		"node_modules/setprototypeof": {
			"version": "1.2.0",
			"license": "ISC"
		},
		"node_modules/shebang-command": {
			"version": "2.0.0",
			"dev": true,
			"license": "MIT",
			"dependencies": {
				"shebang-regex": "^3.0.0"
			},
			"engines": {
				"node": ">=8"
			}
		},
		"node_modules/shebang-regex": {
			"version": "3.0.0",
			"dev": true,
			"license": "MIT",
			"engines": {
				"node": ">=8"
			}
		},
		"node_modules/side-channel": {
			"version": "1.0.4",
			"license": "MIT",
			"dependencies": {
				"call-bind": "^1.0.0",
				"get-intrinsic": "^1.0.2",
				"object-inspect": "^1.9.0"
			},
			"funding": {
				"url": "https://github.com/sponsors/ljharb"
			}
		},
		"node_modules/signal-exit": {
			"version": "4.1.0",
			"dev": true,
			"license": "ISC",
			"engines": {
				"node": ">=14"
			},
			"funding": {
				"url": "https://github.com/sponsors/isaacs"
			}
		},
		"node_modules/sliced": {
			"version": "1.0.1",
			"license": "MIT"
		},
		"node_modules/spdx-correct": {
			"version": "3.1.1",
			"license": "Apache-2.0",
			"dependencies": {
				"spdx-expression-parse": "^3.0.0",
				"spdx-license-ids": "^3.0.0"
			}
		},
		"node_modules/spdx-exceptions": {
			"version": "2.3.0",
			"license": "CC-BY-3.0"
		},
		"node_modules/spdx-expression-parse": {
			"version": "3.0.1",
			"license": "MIT",
			"dependencies": {
				"spdx-exceptions": "^2.1.0",
				"spdx-license-ids": "^3.0.0"
			}
		},
		"node_modules/spdx-license-ids": {
			"version": "3.0.12",
			"license": "CC0-1.0"
		},
		"node_modules/statuses": {
			"version": "2.0.1",
			"license": "MIT",
			"engines": {
				"node": ">= 0.8"
			}
		},
		"node_modules/string_decoder": {
			"version": "1.1.1",
			"license": "MIT",
			"dependencies": {
				"safe-buffer": "~5.1.0"
			}
		},
		"node_modules/string_decoder/node_modules/safe-buffer": {
			"version": "5.1.2",
			"license": "MIT"
		},
		"node_modules/strip-ansi": {
			"version": "7.1.0",
			"dev": true,
			"license": "MIT",
			"dependencies": {
				"ansi-regex": "^6.0.1"
			},
			"engines": {
				"node": ">=12"
			},
			"funding": {
				"url": "https://github.com/chalk/strip-ansi?sponsor=1"
			}
		},
		"node_modules/strip-json-comments": {
			"version": "2.0.1",
			"license": "MIT",
			"engines": {
				"node": ">=0.10.0"
			}
		},
		"node_modules/supports-color": {
			"version": "7.2.0",
			"license": "MIT",
			"dependencies": {
				"has-flag": "^4.0.0"
			},
			"engines": {
				"node": ">=8"
			}
		},
		"node_modules/supports-preserve-symlinks-flag": {
			"version": "1.0.0",
			"license": "MIT",
			"engines": {
				"node": ">= 0.4"
			},
			"funding": {
				"url": "https://github.com/sponsors/ljharb"
			}
		},
		"node_modules/swagger-ui-dist": {
			"version": "5.17.14",
			"resolved": "https://registry.npmjs.org/swagger-ui-dist/-/swagger-ui-dist-5.17.14.tgz",
			"integrity": "sha512-CVbSfaLpstV65OnSjbXfVd6Sta3q3F7Cj/yYuvHMp1P90LztOLs6PfUnKEVAeiIVQt9u2SaPwv0LiH/OyMjHRw=="
		},
		"node_modules/swagger-ui-express": {
			"version": "5.0.1",
			"resolved": "https://registry.npmjs.org/swagger-ui-express/-/swagger-ui-express-5.0.1.tgz",
			"integrity": "sha512-SrNU3RiBGTLLmFU8GIJdOdanJTl4TOmT27tt3bWWHppqYmAZ6IDuEuBvMU6nZq0zLEe6b/1rACXCgLZqO6ZfrA==",
			"dependencies": {
				"swagger-ui-dist": ">=5.0.0"
			},
			"engines": {
				"node": ">= v0.10.32"
			},
			"peerDependencies": {
				"express": ">=4.0.0 || >=5.0.0-beta"
			}
		},
		"node_modules/timed-out": {
			"version": "2.0.0",
			"license": "MIT",
			"engines": {
				"node": ">=0.10.0"
			}
		},
		"node_modules/tmp": {
			"version": "0.0.28",
			"license": "MIT",
			"dependencies": {
				"os-tmpdir": "~1.0.1"
			},
			"engines": {
				"node": ">=0.4.0"
			}
		},
		"node_modules/toidentifier": {
			"version": "1.0.1",
			"license": "MIT",
			"engines": {
				"node": ">=0.6"
			}
		},
		"node_modules/tr46": {
			"version": "0.0.3",
			"license": "MIT"
		},
		"node_modules/tslib": {
			"version": "2.6.2",
			"license": "0BSD"
		},
		"node_modules/type-is": {
			"version": "1.6.18",
			"license": "MIT",
			"dependencies": {
				"media-typer": "0.3.0",
				"mime-types": "~2.1.24"
			},
			"engines": {
				"node": ">= 0.6"
			}
		},
		"node_modules/typescript": {
			"version": "4.9.5",
			"dev": true,
			"license": "Apache-2.0",
			"bin": {
				"tsc": "bin/tsc",
				"tsserver": "bin/tsserver"
			},
			"engines": {
				"node": ">=4.2.0"
			}
		},
		"node_modules/typpy": {
			"version": "2.3.13",
			"license": "MIT",
			"dependencies": {
				"function.name": "^1.0.3"
			}
		},
		"node_modules/ul": {
			"version": "5.2.15",
			"license": "MIT",
			"dependencies": {
				"deffy": "^2.2.2",
				"typpy": "^2.3.4"
			}
		},
		"node_modules/undici-types": {
			"version": "5.26.5",
			"license": "MIT"
		},
		"node_modules/unfetch": {
			"version": "4.2.0",
			"license": "MIT"
		},
		"node_modules/unpipe": {
			"version": "1.0.0",
			"license": "MIT",
			"engines": {
				"node": ">= 0.8"
			}
		},
		"node_modules/unzip-response": {
			"version": "1.0.2",
			"license": "MIT",
			"engines": {
				"node": ">=0.10"
			}
		},
		"node_modules/url-parse-lax": {
			"version": "1.0.0",
			"license": "MIT",
			"dependencies": {
				"prepend-http": "^1.0.1"
			},
			"engines": {
				"node": ">=0.10.0"
			}
		},
		"node_modules/util-deprecate": {
			"version": "1.0.2",
			"license": "MIT"
		},
		"node_modules/utils-merge": {
			"version": "1.0.1",
			"license": "MIT",
			"engines": {
				"node": ">= 0.4.0"
			}
		},
		"node_modules/validate-npm-package-license": {
			"version": "3.0.4",
			"license": "Apache-2.0",
			"dependencies": {
				"spdx-correct": "^3.0.0",
				"spdx-expression-parse": "^3.0.0"
			}
		},
		"node_modules/vary": {
			"version": "1.1.2",
			"license": "MIT",
			"engines": {
				"node": ">= 0.8"
			}
		},
		"node_modules/webidl-conversions": {
			"version": "3.0.1",
			"license": "BSD-2-Clause"
		},
		"node_modules/whatwg-url": {
			"version": "5.0.0",
			"license": "MIT",
			"dependencies": {
				"tr46": "~0.0.3",
				"webidl-conversions": "^3.0.0"
			}
		},
		"node_modules/which": {
			"version": "2.0.2",
			"dev": true,
			"license": "ISC",
			"dependencies": {
				"isexe": "^2.0.0"
			},
			"bin": {
				"node-which": "bin/node-which"
			},
			"engines": {
				"node": ">= 8"
			}
		},
		"node_modules/wrap-ansi": {
			"version": "8.1.0",
			"dev": true,
			"license": "MIT",
			"dependencies": {
				"ansi-styles": "^6.1.0",
				"string-width": "^5.0.1",
				"strip-ansi": "^7.0.1"
			},
			"engines": {
				"node": ">=12"
			},
			"funding": {
				"url": "https://github.com/chalk/wrap-ansi?sponsor=1"
			}
		},
		"node_modules/wrap-ansi/node_modules/ansi-styles": {
			"version": "6.2.1",
			"dev": true,
			"license": "MIT",
			"engines": {
				"node": ">=12"
			},
			"funding": {
				"url": "https://github.com/chalk/ansi-styles?sponsor=1"
			}
		},
		"node_modules/wrap-ansi/node_modules/string-width": {
			"version": "5.1.2",
			"dev": true,
			"license": "MIT",
			"dependencies": {
				"eastasianwidth": "^0.2.0",
				"emoji-regex": "^9.2.2",
				"strip-ansi": "^7.0.1"
			},
			"engines": {
				"node": ">=12"
			},
			"funding": {
				"url": "https://github.com/sponsors/sindresorhus"
			}
		},
		"node_modules/wrap-ansi/node_modules/string-width/node_modules/emoji-regex": {
			"version": "9.2.2",
			"dev": true,
			"license": "MIT"
		},
		"node_modules/y18n": {
			"version": "5.0.8",
			"license": "ISC",
			"engines": {
				"node": ">=10"
			}
		},
		"node_modules/yallist": {
			"version": "4.0.0",
			"license": "ISC"
		},
		"node_modules/yaml": {
			"version": "2.5.0",
			"resolved": "https://registry.npmjs.org/yaml/-/yaml-2.5.0.tgz",
			"integrity": "sha512-2wWLbGbYDiSqqIKoPjar3MPgB94ErzCtrNE1FdqGuaO0pi2JGjmE8aW8TDZwzU7vuxcGRdL/4gPQwQ7hD5AMSw==",
			"bin": {
				"yaml": "bin.mjs"
			},
			"engines": {
				"node": ">= 14"
			}
		},
		"node_modules/yargs": {
			"version": "17.7.2",
			"license": "MIT",
			"dependencies": {
				"cliui": "^8.0.1",
				"escalade": "^3.1.1",
				"get-caller-file": "^2.0.5",
				"require-directory": "^2.1.1",
				"string-width": "^4.2.3",
				"y18n": "^5.0.5",
				"yargs-parser": "^21.1.1"
			},
			"engines": {
				"node": ">=12"
			}
		},
		"node_modules/yargs-parser": {
			"version": "21.1.1",
			"license": "ISC",
			"engines": {
				"node": ">=12"
			}
		},
		"node_modules/yargs/node_modules/ansi-regex": {
			"version": "5.0.1",
			"license": "MIT",
			"engines": {
				"node": ">=8"
			}
		},
		"node_modules/yargs/node_modules/emoji-regex": {
			"version": "8.0.0",
			"license": "MIT"
		},
		"node_modules/yargs/node_modules/string-width": {
			"version": "4.2.3",
			"license": "MIT",
			"dependencies": {
				"emoji-regex": "^8.0.0",
				"is-fullwidth-code-point": "^3.0.0",
				"strip-ansi": "^6.0.1"
			},
			"engines": {
				"node": ">=8"
			}
		},
		"node_modules/yargs/node_modules/strip-ansi": {
			"version": "6.0.1",
			"license": "MIT",
			"dependencies": {
				"ansi-regex": "^5.0.1"
			},
			"engines": {
				"node": ">=8"
			}
		}
	}
}
